
Microsoft Visual Studio Solution File, Format Version 12.00
# Visual Studio Version 16
VisualStudioVersion = 16.0.32126.315
MinimumVisualStudioVersion = 10.0.40219.1
Project("{FAE04EC0-301F-11D3-BF4B-00C04F79EFBC}") = "WebApplication1", "WebApplication1\WebApplication1.csproj", "{73C26F56-4C23-49A3-A7BD-1FCF70F7B063}"
EndProject
Global
	GlobalSection(SolutionConfigurationPlatforms) = preSolution
		Debug|Any CPU = Debug|Any CPU
		Release|Any CPU = Release|Any CPU
	EndGlobalSection
	GlobalSection(ProjectConfigurationPlatforms) = postSolution
		{73C26F56-4C23-49A3-A7BD-1FCF70F7B063}.Debug|Any CPU.ActiveCfg = Debug|Any CPU
		{73C26F56-4C23-49A3-A7BD-1FCF70F7B063}.Debug|Any CPU.Build.0 = Debug|Any CPU
		{73C26F56-4C23-49A3-A7BD-1FCF70F7B063}.Release|Any CPU.ActiveCfg = Release|Any CPU
		{73C26F56-4C23-49A3-A7BD-1FCF70F7B063}.Release|Any CPU.Build.0 = Release|Any CPU
	EndGlobalSection
	GlobalSection(SolutionProperties) = preSolution
		HideSolutionNode = FALSE
	EndGlobalSection
	GlobalSection(ExtensibilityGlobals) = postSolution
		SolutionGuid = {4F0D743D-B547-4130-93FF-66D34AA9AA0A}
	EndGlobalSection
EndGlobal
